{
  "name": "Finance_management_web",
  "lockfileVersion": 3,
  "requires": true,
  "packages": {
    "": {
      "devDependencies": {
        "fix-esm-import-path": "^1.10.3"
      }
    },
    "node_modules/debug": {
      "version": "4.4.3",
      "resolved": "https://registry.npmjs.org/debug/-/debug-4.4.3.tgz",
      "integrity": "sha512-RGwwWnwQvkVfavKVt22FGLw+xYSdzARwm0ru6DhTVA3umU5hZc28V3kO4stgYryrTlLpuvgI9GiijltAjNbcqA==",
      "dev": true,
      "license": "MIT",
      "dependencies": {
        "ms": "^2.1.3"
      },
      "engines": {
        "node": ">=6.0"
      },
      "peerDependenciesMeta": {
        "supports-color": {
          "optional": true
        }
      }
    },
    "node_modules/fix-esm-import-path": {
      "version": "1.10.3",
      "resolved": "https://registry.npmjs.org/fix-esm-import-path/-/fix-esm-import-path-1.10.3.tgz",
      "integrity": "sha512-mX98PYCWpLwJD7tuMvBXWJtQ5Se6eEiwC77VDP0s3xFvtNgixLGm95ebvEK16cbffV2doO5Vs9Jjg9RuNvhXYQ==",
      "dev": true,
      "license": "BSD-2-Clause",
      "dependencies": {
        "debug": "^4.3.2"
      },
      "bin": {
        "fix-esm-import-path": "fix-esm-import-path.js"
      }
    },
    "node_modules/ms": {
      "version": "2.1.3",
      "resolved": "https://registry.npmjs.org/ms/-/ms-2.1.3.tgz",
      "integrity": "sha512-6FlzubTLZG3J2a/NVCAleEhjzq5oxgHyaCU9yYXvcLsvoVaHJq/s5xXI6/XXP6tz7R9xAOtHnSO/tXtF3WRTlA==",
      "dev": true,
      "license": "MIT"
    }
  }
}
